
Microsoft Visual Studio Solution File, Format Version 12.00
# Visual Studio Version 16
VisualStudioVersion = 16.0.30907.101
MinimumVisualStudioVersion = 10.0.40219.1
Project("{FAE04EC0-301F-11D3-BF4B-00C04F79EFBC}") = "UWPMediaPlayer", "UWPMediaPlayer\UWPMediaPlayer.csproj", "{944E6E41-1FF5-4940-A192-062B64ADC628}"
EndProject
Project("{9A19103F-16F7-4668-BE54-9A1E7A4F7556}") = "App1.Core", "App1.Core\App1.Core.csproj", "{C35781B4-3BC5-4C16-9409-3AEF798C04E9}"
EndProject
Project("{FAE04EC0-301F-11D3-BF4B-00C04F79EFBC}") = "UWPMediaPlayer2", "UWPMediaPlayer2\UWPMediaPlayer2.csproj", "{1FDEAA76-1642-4C6A-A709-C134396C5BFB}"
EndProject
Global
	GlobalSection(SolutionConfigurationPlatforms) = preSolution
		Ad-Hoc|Any CPU = Ad-Hoc|Any CPU
		Ad-Hoc|ARM = Ad-Hoc|ARM
		Ad-Hoc|ARM64 = Ad-Hoc|ARM64
		Ad-Hoc|iPhone = Ad-Hoc|iPhone
		Ad-Hoc|iPhoneSimulator = Ad-Hoc|iPhoneSimulator
		Ad-Hoc|x64 = Ad-Hoc|x64
		Ad-Hoc|x86 = Ad-Hoc|x86
		AppStore|Any CPU = AppStore|Any CPU
		AppStore|ARM = AppStore|ARM
		AppStore|ARM64 = AppStore|ARM64
		AppStore|iPhone = AppStore|iPhone
		AppStore|iPhoneSimulator = AppStore|iPhoneSimulator
		AppStore|x64 = AppStore|x64
		AppStore|x86 = AppStore|x86
		Debug|Any CPU = Debug|Any CPU
		Debug|ARM = Debug|ARM
		Debug|ARM64 = Debug|ARM64
		Debug|iPhone = Debug|iPhone
		Debug|iPhoneSimulator = Debug|iPhoneSimulator
		Debug|x64 = Debug|x64
		Debug|x86 = Debug|x86
		Release|Any CPU = Release|Any CPU
		Release|ARM = Release|ARM
		Release|ARM64 = Release|ARM64
		Release|iPhone = Release|iPhone
		Release|iPhoneSimulator = Release|iPhoneSimulator
		Release|x64 = Release|x64
		Release|x86 = Release|x86
	EndGlobalSection
	GlobalSection(ProjectConfigurationPlatforms) = postSolution
		{944E6E41-1FF5-4940-A192-062B64ADC628}.Ad-Hoc|Any CPU.ActiveCfg = Release|x86
		{944E6E41-1FF5-4940-A192-062B64ADC628}.Ad-Hoc|Any CPU.Build.0 = Release|x86
		{944E6E41-1FF5-4940-A192-062B64ADC628}.Ad-Hoc|Any CPU.Deploy.0 = Release|x86
		{944E6E41-1FF5-4940-A192-062B64ADC628}.Ad-Hoc|ARM.ActiveCfg = Release|ARM
		{944E6E41-1FF5-4940-A192-062B64ADC628}.Ad-Hoc|ARM.Build.0 = Release|ARM
		{944E6E41-1FF5-4940-A192-062B64ADC628}.Ad-Hoc|ARM.Deploy.0 = Release|ARM
		{944E6E41-1FF5-4940-A192-062B64ADC628}.Ad-Hoc|ARM64.ActiveCfg = Release|ARM64
		{944E6E41-1FF5-4940-A192-062B64ADC628}.Ad-Hoc|ARM64.Build.0 = Release|ARM64
		{944E6E41-1FF5-4940-A192-062B64ADC628}.Ad-Hoc|ARM64.Deploy.0 = Release|ARM64
		{944E6E41-1FF5-4940-A192-062B64ADC628}.Ad-Hoc|iPhone.ActiveCfg = Release|x86
		{944E6E41-1FF5-4940-A192-062B64ADC628}.Ad-Hoc|iPhone.Build.0 = Release|x86
		{944E6E41-1FF5-4940-A192-062B64ADC628}.Ad-Hoc|iPhone.Deploy.0 = Release|x86
		{944E6E41-1FF5-4940-A192-062B64ADC628}.Ad-Hoc|iPhoneSimulator.ActiveCfg = Release|x86
		{944E6E41-1FF5-4940-A192-062B64ADC628}.Ad-Hoc|iPhoneSimulator.Build.0 = Release|x86
		{944E6E41-1FF5-4940-A192-062B64ADC628}.Ad-Hoc|iPhoneSimulator.Deploy.0 = Release|x86
		{944E6E41-1FF5-4940-A192-062B64ADC628}.Ad-Hoc|x64.ActiveCfg = Release|x64
		{944E6E41-1FF5-4940-A192-062B64ADC628}.Ad-Hoc|x64.Build.0 = Release|x64
		{944E6E41-1FF5-4940-A192-062B64ADC628}.Ad-Hoc|x64.Deploy.0 = Release|x64
		{944E6E41-1FF5-4940-A192-062B64ADC628}.Ad-Hoc|x86.ActiveCfg = Release|x86
		{944E6E41-1FF5-4940-A192-062B64ADC628}.Ad-Hoc|x86.Build.0 = Release|x86
		{944E6E41-1FF5-4940-A192-062B64ADC628}.Ad-Hoc|x86.Deploy.0 = Release|x86
		{944E6E41-1FF5-4940-A192-062B64ADC628}.AppStore|Any CPU.ActiveCfg = Release|x86
		{944E6E41-1FF5-4940-A192-062B64ADC628}.AppStore|Any CPU.Build.0 = Release|x86
		{944E6E41-1FF5-4940-A192-062B64ADC628}.AppStore|Any CPU.Deploy.0 = Release|x86
		{944E6E41-1FF5-4940-A192-062B64ADC628}.AppStore|ARM.ActiveCfg = Release|ARM
		{944E6E41-1FF5-4940-A192-062B64ADC628}.AppStore|ARM.Build.0 = Release|ARM
		{944E6E41-1FF5-4940-A192-062B64ADC628}.AppStore|ARM.Deploy.0 = Release|ARM
		{944E6E41-1FF5-4940-A192-062B64ADC628}.AppStore|ARM64.ActiveCfg = Release|ARM64
		{944E6E41-1FF5-4940-A192-062B64ADC628}.AppStore|ARM64.Build.0 = Release|ARM64
		{944E6E41-1FF5-4940-A192-062B64ADC628}.AppStore|ARM64.Deploy.0 = Release|ARM64
		{944E6E41-1FF5-4940-A192-062B64ADC628}.AppStore|iPhone.ActiveCfg = Release|x86
		{944E6E41-1FF5-4940-A192-062B64ADC628}.AppStore|iPhone.Build.0 = Release|x86
		{944E6E41-1FF5-4940-A192-062B64ADC628}.AppStore|iPhone.Deploy.0 = Release|x86
		{944E6E41-1FF5-4940-A192-062B64ADC628}.AppStore|iPhoneSimulator.ActiveCfg = Release|x86
		{944E6E41-1FF5-4940-A192-062B64ADC628}.AppStore|iPhoneSimulator.Build.0 = Release|x86
		{944E6E41-1FF5-4940-A192-062B64ADC628}.AppStore|iPhoneSimulator.Deploy.0 = Release|x86
		{944E6E41-1FF5-4940-A192-062B64ADC628}.AppStore|x64.ActiveCfg = Release|x64
		{944E6E41-1FF5-4940-A192-062B64ADC628}.AppStore|x64.Build.0 = Release|x64
		{944E6E41-1FF5-4940-A192-062B64ADC628}.AppStore|x64.Deploy.0 = Release|x64
		{944E6E41-1FF5-4940-A192-062B64ADC628}.AppStore|x86.ActiveCfg = Release|x86
		{944E6E41-1FF5-4940-A192-062B64ADC628}.AppStore|x86.Build.0 = Release|x86
		{944E6E41-1FF5-4940-A192-062B64ADC628}.AppStore|x86.Deploy.0 = Release|x86
		{944E6E41-1FF5-4940-A192-062B64ADC628}.Debug|Any CPU.ActiveCfg = Debug|x86
		{944E6E41-1FF5-4940-A192-062B64ADC628}.Debug|ARM.ActiveCfg = Debug|ARM
		{944E6E41-1FF5-4940-A192-062B64ADC628}.Debug|ARM.Build.0 = Debug|ARM
		{944E6E41-1FF5-4940-A192-062B64ADC628}.Debug|ARM.Deploy.0 = Debug|ARM
		{944E6E41-1FF5-4940-A192-062B64ADC628}.Debug|ARM64.ActiveCfg = Debug|ARM64
		{944E6E41-1FF5-4940-A192-062B64ADC628}.Debug|ARM64.Build.0 = Debug|ARM64
		{944E6E41-1FF5-4940-A192-062B64ADC628}.Debug|ARM64.Deploy.0 = Debug|ARM64
		{944E6E41-1FF5-4940-A192-062B64ADC628}.Debug|iPhone.ActiveCfg = Debug|x86
		{944E6E41-1FF5-4940-A192-062B64ADC628}.Debug|iPhoneSimulator.ActiveCfg = Debug|x86
		{944E6E41-1FF5-4940-A192-062B64ADC628}.Debug|x64.ActiveCfg = Debug|x64
		{944E6E41-1FF5-4940-A192-062B64ADC628}.Debug|x64.Build.0 = Debug|x64
		{944E6E41-1FF5-4940-A192-062B64ADC628}.Debug|x64.Deploy.0 = Debug|x64
		{944E6E41-1FF5-4940-A192-062B64ADC628}.Debug|x86.ActiveCfg = Debug|x86
		{944E6E41-1FF5-4940-A192-062B64ADC628}.Debug|x86.Build.0 = Debug|x86
		{944E6E41-1FF5-4940-A192-062B64ADC628}.Debug|x86.Deploy.0 = Debug|x86
		{944E6E41-1FF5-4940-A192-062B64ADC628}.Release|Any CPU.ActiveCfg = Release|x86
		{944E6E41-1FF5-4940-A192-062B64ADC628}.Release|ARM.ActiveCfg = Release|ARM
		{944E6E41-1FF5-4940-A192-062B64ADC628}.Release|ARM.Build.0 = Release|ARM
		{944E6E41-1FF5-4940-A192-062B64ADC628}.Release|ARM.Deploy.0 = Release|ARM
		{944E6E41-1FF5-4940-A192-062B64ADC628}.Release|ARM64.ActiveCfg = Release|ARM64
		{944E6E41-1FF5-4940-A192-062B64ADC628}.Release|ARM64.Build.0 = Release|ARM64
		{944E6E41-1FF5-4940-A192-062B64ADC628}.Release|ARM64.Deploy.0 = Release|ARM64
		{944E6E41-1FF5-4940-A192-062B64ADC628}.Release|iPhone.ActiveCfg = Release|x86
		{944E6E41-1FF5-4940-A192-062B64ADC628}.Release|iPhoneSimulator.ActiveCfg = Release|x86
		{944E6E41-1FF5-4940-A192-062B64ADC628}.Release|x64.ActiveCfg = Release|x64
		{944E6E41-1FF5-4940-A192-062B64ADC628}.Release|x64.Build.0 = Release|x64
		{944E6E41-1FF5-4940-A192-062B64ADC628}.Release|x64.Deploy.0 = Release|x64
		{944E6E41-1FF5-4940-A192-062B64ADC628}.Release|x86.ActiveCfg = Release|x86
		{944E6E41-1FF5-4940-A192-062B64ADC628}.Release|x86.Build.0 = Release|x86
		{944E6E41-1FF5-4940-A192-062B64ADC628}.Release|x86.Deploy.0 = Release|x86
		{C35781B4-3BC5-4C16-9409-3AEF798C04E9}.Ad-Hoc|Any CPU.ActiveCfg = Debug|Any CPU
		{C35781B4-3BC5-4C16-9409-3AEF798C04E9}.Ad-Hoc|Any CPU.Build.0 = Debug|Any CPU
		{C35781B4-3BC5-4C16-9409-3AEF798C04E9}.Ad-Hoc|ARM.ActiveCfg = Debug|Any CPU
		{C35781B4-3BC5-4C16-9409-3AEF798C04E9}.Ad-Hoc|ARM.Build.0 = Debug|Any CPU
		{C35781B4-3BC5-4C16-9409-3AEF798C04E9}.Ad-Hoc|ARM64.ActiveCfg = Debug|Any CPU
		{C35781B4-3BC5-4C16-9409-3AEF798C04E9}.Ad-Hoc|ARM64.Build.0 = Debug|Any CPU
		{C35781B4-3BC5-4C16-9409-3AEF798C04E9}.Ad-Hoc|iPhone.ActiveCfg = Debug|Any CPU
		{C35781B4-3BC5-4C16-9409-3AEF798C04E9}.Ad-Hoc|iPhone.Build.0 = Debug|Any CPU
		{C35781B4-3BC5-4C16-9409-3AEF798C04E9}.Ad-Hoc|iPhoneSimulator.ActiveCfg = Debug|Any CPU
		{C35781B4-3BC5-4C16-9409-3AEF798C04E9}.Ad-Hoc|iPhoneSimulator.Build.0 = Debug|Any CPU
		{C35781B4-3BC5-4C16-9409-3AEF798C04E9}.Ad-Hoc|x64.ActiveCfg = Debug|Any CPU
		{C35781B4-3BC5-4C16-9409-3AEF798C04E9}.Ad-Hoc|x64.Build.0 = Debug|Any CPU
		{C35781B4-3BC5-4C16-9409-3AEF798C04E9}.Ad-Hoc|x86.ActiveCfg = Debug|Any CPU
		{C35781B4-3BC5-4C16-9409-3AEF798C04E9}.Ad-Hoc|x86.Build.0 = Debug|Any CPU
		{C35781B4-3BC5-4C16-9409-3AEF798C04E9}.AppStore|Any CPU.ActiveCfg = Debug|Any CPU
		{C35781B4-3BC5-4C16-9409-3AEF798C04E9}.AppStore|Any CPU.Build.0 = Debug|Any CPU
		{C35781B4-3BC5-4C16-9409-3AEF798C04E9}.AppStore|ARM.ActiveCfg = Debug|Any CPU
		{C35781B4-3BC5-4C16-9409-3AEF798C04E9}.AppStore|ARM.Build.0 = Debug|Any CPU
		{C35781B4-3BC5-4C16-9409-3AEF798C04E9}.AppStore|ARM64.ActiveCfg = Debug|Any CPU
		{C35781B4-3BC5-4C16-9409-3AEF798C04E9}.AppStore|ARM64.Build.0 = Debug|Any CPU
		{C35781B4-3BC5-4C16-9409-3AEF798C04E9}.AppStore|iPhone.ActiveCfg = Debug|Any CPU
		{C35781B4-3BC5-4C16-9409-3AEF798C04E9}.AppStore|iPhone.Build.0 = Debug|Any CPU
		{C35781B4-3BC5-4C16-9409-3AEF798C04E9}.AppStore|iPhoneSimulator.ActiveCfg = Debug|Any CPU
		{C35781B4-3BC5-4C16-9409-3AEF798C04E9}.AppStore|iPhoneSimulator.Build.0 = Debug|Any CPU
		{C35781B4-3BC5-4C16-9409-3AEF798C04E9}.AppStore|x64.ActiveCfg = Debug|Any CPU
		{C35781B4-3BC5-4C16-9409-3AEF798C04E9}.AppStore|x64.Build.0 = Debug|Any CPU
		{C35781B4-3BC5-4C16-9409-3AEF798C04E9}.AppStore|x86.ActiveCfg = Debug|Any CPU
		{C35781B4-3BC5-4C16-9409-3AEF798C04E9}.AppStore|x86.Build.0 = Debug|Any CPU
		{C35781B4-3BC5-4C16-9409-3AEF798C04E9}.Debug|Any CPU.ActiveCfg = Debug|Any CPU
		{C35781B4-3BC5-4C16-9409-3AEF798C04E9}.Debug|Any CPU.Build.0 = Debug|Any CPU
		{C35781B4-3BC5-4C16-9409-3AEF798C04E9}.Debug|ARM.ActiveCfg = Debug|Any CPU
		{C35781B4-3BC5-4C16-9409-3AEF798C04E9}.Debug|ARM.Build.0 = Debug|Any CPU
		{C35781B4-3BC5-4C16-9409-3AEF798C04E9}.Debug|ARM64.ActiveCfg = Debug|Any CPU
		{C35781B4-3BC5-4C16-9409-3AEF798C04E9}.Debug|ARM64.Build.0 = Debug|Any CPU
		{C35781B4-3BC5-4C16-9409-3AEF798C04E9}.Debug|iPhone.ActiveCfg = Debug|Any CPU
		{C35781B4-3BC5-4C16-9409-3AEF798C04E9}.Debug|iPhone.Build.0 = Debug|Any CPU
		{C35781B4-3BC5-4C16-9409-3AEF798C04E9}.Debug|iPhoneSimulator.ActiveCfg = Debug|Any CPU
		{C35781B4-3BC5-4C16-9409-3AEF798C04E9}.Debug|iPhoneSimulator.Build.0 = Debug|Any CPU
		{C35781B4-3BC5-4C16-9409-3AEF798C04E9}.Debug|x64.ActiveCfg = Debug|Any CPU
		{C35781B4-3BC5-4C16-9409-3AEF798C04E9}.Debug|x64.Build.0 = Debug|Any CPU
		{C35781B4-3BC5-4C16-9409-3AEF798C04E9}.Debug|x86.ActiveCfg = Debug|Any CPU
		{C35781B4-3BC5-4C16-9409-3AEF798C04E9}.Debug|x86.Build.0 = Debug|Any CPU
		{C35781B4-3BC5-4C16-9409-3AEF798C04E9}.Release|Any CPU.ActiveCfg = Release|Any CPU
		{C35781B4-3BC5-4C16-9409-3AEF798C04E9}.Release|Any CPU.Build.0 = Release|Any CPU
		{C35781B4-3BC5-4C16-9409-3AEF798C04E9}.Release|ARM.ActiveCfg = Release|Any CPU
		{C35781B4-3BC5-4C16-9409-3AEF798C04E9}.Release|ARM.Build.0 = Release|Any CPU
		{C35781B4-3BC5-4C16-9409-3AEF798C04E9}.Release|ARM64.ActiveCfg = Release|Any CPU
		{C35781B4-3BC5-4C16-9409-3AEF798C04E9}.Release|ARM64.Build.0 = Release|Any CPU
		{C35781B4-3BC5-4C16-9409-3AEF798C04E9}.Release|iPhone.ActiveCfg = Release|Any CPU
		{C35781B4-3BC5-4C16-9409-3AEF798C04E9}.Release|iPhone.Build.0 = Release|Any CPU
		{C35781B4-3BC5-4C16-9409-3AEF798C04E9}.Release|iPhoneSimulator.ActiveCfg = Release|Any CPU
		{C35781B4-3BC5-4C16-9409-3AEF798C04E9}.Release|iPhoneSimulator.Build.0 = Release|Any CPU
		{C35781B4-3BC5-4C16-9409-3AEF798C04E9}.Release|x64.ActiveCfg = Release|Any CPU
		{C35781B4-3BC5-4C16-9409-3AEF798C04E9}.Release|x64.Build.0 = Release|Any CPU
		{C35781B4-3BC5-4C16-9409-3AEF798C04E9}.Release|x86.ActiveCfg = Release|Any CPU
		{C35781B4-3BC5-4C16-9409-3AEF798C04E9}.Release|x86.Build.0 = Release|Any CPU
		{1FDEAA76-1642-4C6A-A709-C134396C5BFB}.Ad-Hoc|Any CPU.ActiveCfg = Debug|x86
		{1FDEAA76-1642-4C6A-A709-C134396C5BFB}.Ad-Hoc|Any CPU.Build.0 = Debug|x86
		{1FDEAA76-1642-4C6A-A709-C134396C5BFB}.Ad-Hoc|Any CPU.Deploy.0 = Debug|x86
		{1FDEAA76-1642-4C6A-A709-C134396C5BFB}.Ad-Hoc|ARM.ActiveCfg = Debug|ARM
		{1FDEAA76-1642-4C6A-A709-C134396C5BFB}.Ad-Hoc|ARM.Build.0 = Debug|ARM
		{1FDEAA76-1642-4C6A-A709-C134396C5BFB}.Ad-Hoc|ARM.Deploy.0 = Debug|ARM
		{1FDEAA76-1642-4C6A-A709-C134396C5BFB}.Ad-Hoc|ARM64.ActiveCfg = Debug|ARM64
		{1FDEAA76-1642-4C6A-A709-C134396C5BFB}.Ad-Hoc|ARM64.Build.0 = Debug|ARM64
		{1FDEAA76-1642-4C6A-A709-C134396C5BFB}.Ad-Hoc|ARM64.Deploy.0 = Debug|ARM64
		{1FDEAA76-1642-4C6A-A709-C134396C5BFB}.Ad-Hoc|iPhone.ActiveCfg = Debug|x86
		{1FDEAA76-1642-4C6A-A709-C134396C5BFB}.Ad-Hoc|iPhone.Build.0 = Debug|x86
		{1FDEAA76-1642-4C6A-A709-C134396C5BFB}.Ad-Hoc|iPhone.Deploy.0 = Debug|x86
		{1FDEAA76-1642-4C6A-A709-C134396C5BFB}.Ad-Hoc|iPhoneSimulator.ActiveCfg = Debug|x86
		{1FDEAA76-1642-4C6A-A709-C134396C5BFB}.Ad-Hoc|iPhoneSimulator.Build.0 = Debug|x86
		{1FDEAA76-1642-4C6A-A709-C134396C5BFB}.Ad-Hoc|iPhoneSimulator.Deploy.0 = Debug|x86
		{1FDEAA76-1642-4C6A-A709-C134396C5BFB}.Ad-Hoc|x64.ActiveCfg = Debug|x64
		{1FDEAA76-1642-4C6A-A709-C134396C5BFB}.Ad-Hoc|x64.Build.0 = Debug|x64
		{1FDEAA76-1642-4C6A-A709-C134396C5BFB}.Ad-Hoc|x64.Deploy.0 = Debug|x64
		{1FDEAA76-1642-4C6A-A709-C134396C5BFB}.Ad-Hoc|x86.ActiveCfg = Debug|x86
		{1FDEAA76-1642-4C6A-A709-C134396C5BFB}.Ad-Hoc|x86.Build.0 = Debug|x86
		{1FDEAA76-1642-4C6A-A709-C134396C5BFB}.Ad-Hoc|x86.Deploy.0 = Debug|x86
		{1FDEAA76-1642-4C6A-A709-C134396C5BFB}.AppStore|Any CPU.ActiveCfg = Debug|x86
		{1FDEAA76-1642-4C6A-A709-C134396C5BFB}.AppStore|Any CPU.Build.0 = Debug|x86
		{1FDEAA76-1642-4C6A-A709-C134396C5BFB}.AppStore|Any CPU.Deploy.0 = Debug|x86
		{1FDEAA76-1642-4C6A-A709-C134396C5BFB}.AppStore|ARM.ActiveCfg = Debug|ARM
		{1FDEAA76-1642-4C6A-A709-C134396C5BFB}.AppStore|ARM.Build.0 = Debug|ARM
		{1FDEAA76-1642-4C6A-A709-C134396C5BFB}.AppStore|ARM.Deploy.0 = Debug|ARM
		{1FDEAA76-1642-4C6A-A709-C134396C5BFB}.AppStore|ARM64.ActiveCfg = Debug|ARM64
		{1FDEAA76-1642-4C6A-A709-C134396C5BFB}.AppStore|ARM64.Build.0 = Debug|ARM64
		{1FDEAA76-1642-4C6A-A709-C134396C5BFB}.AppStore|ARM64.Deploy.0 = Debug|ARM64
		{1FDEAA76-1642-4C6A-A709-C134396C5BFB}.AppStore|iPhone.ActiveCfg = Debug|x86
		{1FDEAA76-1642-4C6A-A709-C134396C5BFB}.AppStore|iPhone.Build.0 = Debug|x86
		{1FDEAA76-1642-4C6A-A709-C134396C5BFB}.AppStore|iPhone.Deploy.0 = Debug|x86
		{1FDEAA76-1642-4C6A-A709-C134396C5BFB}.AppStore|iPhoneSimulator.ActiveCfg = Debug|x86
		{1FDEAA76-1642-4C6A-A709-C134396C5BFB}.AppStore|iPhoneSimulator.Build.0 = Debug|x86
		{1FDEAA76-1642-4C6A-A709-C134396C5BFB}.AppStore|iPhoneSimulator.Deploy.0 = Debug|x86
		{1FDEAA76-1642-4C6A-A709-C134396C5BFB}.AppStore|x64.ActiveCfg = Debug|x64
		{1FDEAA76-1642-4C6A-A709-C134396C5BFB}.AppStore|x64.Build.0 = Debug|x64
		{1FDEAA76-1642-4C6A-A709-C134396C5BFB}.AppStore|x64.Deploy.0 = Debug|x64
		{1FDEAA76-1642-4C6A-A709-C134396C5BFB}.AppStore|x86.ActiveCfg = Debug|x86
		{1FDEAA76-1642-4C6A-A709-C134396C5BFB}.AppStore|x86.Build.0 = Debug|x86
		{1FDEAA76-1642-4C6A-A709-C134396C5BFB}.AppStore|x86.Deploy.0 = Debug|x86
		{1FDEAA76-1642-4C6A-A709-C134396C5BFB}.Debug|Any CPU.ActiveCfg = Debug|x86
		{1FDEAA76-1642-4C6A-A709-C134396C5BFB}.Debug|ARM.ActiveCfg = Debug|ARM
		{1FDEAA76-1642-4C6A-A709-C134396C5BFB}.Debug|ARM.Build.0 = Debug|ARM
		{1FDEAA76-1642-4C6A-A709-C134396C5BFB}.Debug|ARM.Deploy.0 = Debug|ARM
		{1FDEAA76-1642-4C6A-A709-C134396C5BFB}.Debug|ARM64.ActiveCfg = Debug|ARM64
		{1FDEAA76-1642-4C6A-A709-C134396C5BFB}.Debug|ARM64.Build.0 = Debug|ARM64
		{1FDEAA76-1642-4C6A-A709-C134396C5BFB}.Debug|ARM64.Deploy.0 = Debug|ARM64
		{1FDEAA76-1642-4C6A-A709-C134396C5BFB}.Debug|iPhone.ActiveCfg = Debug|x86
		{1FDEAA76-1642-4C6A-A709-C134396C5BFB}.Debug|iPhoneSimulator.ActiveCfg = Debug|x86
		{1FDEAA76-1642-4C6A-A709-C134396C5BFB}.Debug|x64.ActiveCfg = Debug|x64
		{1FDEAA76-1642-4C6A-A709-C134396C5BFB}.Debug|x64.Build.0 = Debug|x64
		{1FDEAA76-1642-4C6A-A709-C134396C5BFB}.Debug|x64.Deploy.0 = Debug|x64
		{1FDEAA76-1642-4C6A-A709-C134396C5BFB}.Debug|x86.ActiveCfg = Debug|x86
		{1FDEAA76-1642-4C6A-A709-C134396C5BFB}.Debug|x86.Build.0 = Debug|x86
		{1FDEAA76-1642-4C6A-A709-C134396C5BFB}.Debug|x86.Deploy.0 = Debug|x86
		{1FDEAA76-1642-4C6A-A709-C134396C5BFB}.Release|Any CPU.ActiveCfg = Release|x86
		{1FDEAA76-1642-4C6A-A709-C134396C5BFB}.Release|ARM.ActiveCfg = Release|ARM
		{1FDEAA76-1642-4C6A-A709-C134396C5BFB}.Release|ARM.Build.0 = Release|ARM
		{1FDEAA76-1642-4C6A-A709-C134396C5BFB}.Release|ARM.Deploy.0 = Release|ARM
		{1FDEAA76-1642-4C6A-A709-C134396C5BFB}.Release|ARM64.ActiveCfg = Release|ARM64
		{1FDEAA76-1642-4C6A-A709-C134396C5BFB}.Release|ARM64.Build.0 = Release|ARM64
		{1FDEAA76-1642-4C6A-A709-C134396C5BFB}.Release|ARM64.Deploy.0 = Release|ARM64
		{1FDEAA76-1642-4C6A-A709-C134396C5BFB}.Release|iPhone.ActiveCfg = Release|x86
		{1FDEAA76-1642-4C6A-A709-C134396C5BFB}.Release|iPhoneSimulator.ActiveCfg = Release|x86
		{1FDEAA76-1642-4C6A-A709-C134396C5BFB}.Release|x64.ActiveCfg = Release|x64
		{1FDEAA76-1642-4C6A-A709-C134396C5BFB}.Release|x64.Build.0 = Release|x64
		{1FDEAA76-1642-4C6A-A709-C134396C5BFB}.Release|x64.Deploy.0 = Release|x64
		{1FDEAA76-1642-4C6A-A709-C134396C5BFB}.Release|x86.ActiveCfg = Release|x86
		{1FDEAA76-1642-4C6A-A709-C134396C5BFB}.Release|x86.Build.0 = Release|x86
		{1FDEAA76-1642-4C6A-A709-C134396C5BFB}.Release|x86.Deploy.0 = Release|x86
	EndGlobalSection
	GlobalSection(SolutionProperties) = preSolution
		HideSolutionNode = FALSE
	EndGlobalSection
	GlobalSection(ExtensibilityGlobals) = postSolution
		SolutionGuid = {51169DBF-0800-4845-8CBA-609041A15D63}
	EndGlobalSection
EndGlobal
